
Microsoft Visual Studio Solution File, Format Version 12.00
# Visual Studio 2013
VisualStudioVersion = 12.0.31101.0
MinimumVisualStudioVersion = 10.0.40219.1
Project("{FAE04EC0-301F-11D3-BF4B-00C04F79EFBC}") = "Ventrian.Modules.Subscriptions", "Ventrian.Modules.Subscriptions.csproj", "{F800130E-D175-40B9-9E3B-08794A7D2266}"
EndProject
Global
	GlobalSection(SolutionConfigurationPlatforms) = preSolution
		Debug|Any CPU = Debug|Any CPU
		Release|Any CPU = Release|Any CPU
	EndGlobalSection
	GlobalSection(ProjectConfigurationPlatforms) = postSolution
		{F800130E-D175-40B9-9E3B-08794A7D2266}.Debug|Any CPU.ActiveCfg = Debug|Any CPU
		{F800130E-D175-40B9-9E3B-08794A7D2266}.Debug|Any CPU.Build.0 = Debug|Any CPU
		{F800130E-D175-40B9-9E3B-08794A7D2266}.Release|Any CPU.ActiveCfg = Release|Any CPU
		{F800130E-D175-40B9-9E3B-08794A7D2266}.Release|Any CPU.Build.0 = Release|Any CPU
	EndGlobalSection
	GlobalSection(SolutionProperties) = preSolution
		HideSolutionNode = FALSE
	EndGlobalSection
EndGlobal
